Microsoft Visual Studio Solution File, Format Version 12.00
# Visual Studio Version 17
VisualStudioVersion = 17.5.2.0
MinimumVisualStudioVersion = 10.0.40219.1
Project("{FAE04EC0-301F-11D3-BF4B-00C04F79EFBC}") = "AspnetCoreCRUDApp", "AspnetCoreCRUDApp.csproj", "{E56A86F4-B06D-3030-9788-BEFF39D17A00}"
EndProject
Global
	GlobalSection(SolutionConfigurationPlatforms) = preSolution
		Debug|Any CPU = Debug|Any CPU
		Release|Any CPU = Release|Any CPU
	EndGlobalSection
	GlobalSection(ProjectConfigurationPlatforms) = postSolution
		{E56A86F4-B06D-3030-9788-BEFF39D17A00}.Debug|Any CPU.ActiveCfg = Debug|Any CPU
		{E56A86F4-B06D-3030-9788-BEFF39D17A00}.Debug|Any CPU.Build.0 = Debug|Any CPU
		{E56A86F4-B06D-3030-9788-BEFF39D17A00}.Release|Any CPU.ActiveCfg = Release|Any CPU
		{E56A86F4-B06D-3030-9788-BEFF39D17A00}.Release|Any CPU.Build.0 = Release|Any CPU
	EndGlobalSection
	GlobalSection(SolutionProperties) = preSolution
		HideSolutionNode = FALSE
	EndGlobalSection
	GlobalSection(ExtensibilityGlobals) = postSolution
		SolutionGuid = {2162DE2B-35C5-4DDE-99EA-1EE9A4AFA2B1}
	EndGlobalSection
EndGlobal
